
Microsoft Visual Studio Solution File, Format Version 12.00
Project("{2150E333-8FDC-42A3-9474-1A3956D46DE8}") = "src", "src", "{0FF62654-F8B8-493D-A22A-35263BC89DD2}"
EndProject
Project("{2150E333-8FDC-42A3-9474-1A3956D46DE8}") = "test", "test", "{53BB3CA7-BE37-4158-B2FA-BC7B2475718E}"
EndProject
Project("{2150E333-8FDC-42A3-9474-1A3956D46DE8}") = "API", "API", "{F5E82599-87B9-4F0F-96D9-A7A7055FC38D}"
EndProject
Project("{2150E333-8FDC-42A3-9474-1A3956D46DE8}") = "Core", "Core", "{CC891D68-08FE-4682-9829-F9A6480E7FAF}"
EndProject
Project("{2150E333-8FDC-42A3-9474-1A3956D46DE8}") = "Infrastructure", "Infrastructure", "{F00DA942-1127-4D0A-9ADD-6E85CC72DBF0}"
EndProject
Project("{FAE04EC0-301F-11D3-BF4B-00C04F79EFBC}") = "Library.Application", "Library.Application\Library.Application.csproj", "{6E725ABF-7502-4737-9785-27AA07D7C76D}"
EndProject
Project("{FAE04EC0-301F-11D3-BF4B-00C04F79EFBC}") = "Library.Domain", "Library.Domain\Library.Domain.csproj", "{5CEC886B-0BA4-45D4-9DE0-42A40CC2C0BF}"
EndProject
Project("{FAE04EC0-301F-11D3-BF4B-00C04F79EFBC}") = "WebApplication1", "WebApplication1\WebApplication1.csproj", "{7E04D758-B7EA-4409-8611-3130572F6AA5}"
EndProject
Project("{FAE04EC0-301F-11D3-BF4B-00C04F79EFBC}") = "Library.Infrastructure", "Library.Infrastructure\Library.Infrastructure.csproj", "{4A137FFC-86FF-4AA1-97D1-647E95CFFE92}"
EndProject
Project("{FAE04EC0-301F-11D3-BF4B-00C04F79EFBC}") = "Library.Persistence", "Library.Persistence\Library.Persistence.csproj", "{8E398966-9FD0-40FD-95A1-E628F485726D}"
EndProject
Global
	GlobalSection(SolutionConfigurationPlatforms) = preSolution
		Debug|Any CPU = Debug|Any CPU
		Release|Any CPU = Release|Any CPU
	EndGlobalSection
	GlobalSection(NestedProjects) = preSolution
		{F5E82599-87B9-4F0F-96D9-A7A7055FC38D} = {0FF62654-F8B8-493D-A22A-35263BC89DD2}
		{CC891D68-08FE-4682-9829-F9A6480E7FAF} = {0FF62654-F8B8-493D-A22A-35263BC89DD2}
		{F00DA942-1127-4D0A-9ADD-6E85CC72DBF0} = {0FF62654-F8B8-493D-A22A-35263BC89DD2}
		{6E725ABF-7502-4737-9785-27AA07D7C76D} = {CC891D68-08FE-4682-9829-F9A6480E7FAF}
		{5CEC886B-0BA4-45D4-9DE0-42A40CC2C0BF} = {CC891D68-08FE-4682-9829-F9A6480E7FAF}
		{7E04D758-B7EA-4409-8611-3130572F6AA5} = {F5E82599-87B9-4F0F-96D9-A7A7055FC38D}
		{4A137FFC-86FF-4AA1-97D1-647E95CFFE92} = {F00DA942-1127-4D0A-9ADD-6E85CC72DBF0}
		{8E398966-9FD0-40FD-95A1-E628F485726D} = {F00DA942-1127-4D0A-9ADD-6E85CC72DBF0}
	EndGlobalSection
	GlobalSection(ProjectConfigurationPlatforms) = postSolution
		{6E725ABF-7502-4737-9785-27AA07D7C76D}.Debug|Any CPU.ActiveCfg = Debug|Any CPU
		{6E725ABF-7502-4737-9785-27AA07D7C76D}.Debug|Any CPU.Build.0 = Debug|Any CPU
		{6E725ABF-7502-4737-9785-27AA07D7C76D}.Release|Any CPU.ActiveCfg = Release|Any CPU
		{6E725ABF-7502-4737-9785-27AA07D7C76D}.Release|Any CPU.Build.0 = Release|Any CPU
		{5CEC886B-0BA4-45D4-9DE0-42A40CC2C0BF}.Debug|Any CPU.ActiveCfg = Debug|Any CPU
		{5CEC886B-0BA4-45D4-9DE0-42A40CC2C0BF}.Debug|Any CPU.Build.0 = Debug|Any CPU
		{5CEC886B-0BA4-45D4-9DE0-42A40CC2C0BF}.Release|Any CPU.ActiveCfg = Release|Any CPU
		{5CEC886B-0BA4-45D4-9DE0-42A40CC2C0BF}.Release|Any CPU.Build.0 = Release|Any CPU
		{7E04D758-B7EA-4409-8611-3130572F6AA5}.Debug|Any CPU.ActiveCfg = Debug|Any CPU
		{7E04D758-B7EA-4409-8611-3130572F6AA5}.Debug|Any CPU.Build.0 = Debug|Any CPU
		{7E04D758-B7EA-4409-8611-3130572F6AA5}.Release|Any CPU.ActiveCfg = Release|Any CPU
		{7E04D758-B7EA-4409-8611-3130572F6AA5}.Release|Any CPU.Build.0 = Release|Any CPU
		{4A137FFC-86FF-4AA1-97D1-647E95CFFE92}.Debug|Any CPU.ActiveCfg = Debug|Any CPU
		{4A137FFC-86FF-4AA1-97D1-647E95CFFE92}.Debug|Any CPU.Build.0 = Debug|Any CPU
		{4A137FFC-86FF-4AA1-97D1-647E95CFFE92}.Release|Any CPU.ActiveCfg = Release|Any CPU
		{4A137FFC-86FF-4AA1-97D1-647E95CFFE92}.Release|Any CPU.Build.0 = Release|Any CPU
		{8E398966-9FD0-40FD-95A1-E628F485726D}.Debug|Any CPU.ActiveCfg = Debug|Any CPU
		{8E398966-9FD0-40FD-95A1-E628F485726D}.Debug|Any CPU.Build.0 = Debug|Any CPU
		{8E398966-9FD0-40FD-95A1-E628F485726D}.Release|Any CPU.ActiveCfg = Release|Any CPU
		{8E398966-9FD0-40FD-95A1-E628F485726D}.Release|Any CPU.Build.0 = Release|Any CPU
	EndGlobalSection
EndGlobal
